{
    "_readme": [
        "This file locks the dependencies of your project to a known state",
        "Read more about it at https://getcomposer.org/doc/01-basic-usage.md#composer-lock-the-lock-file",
        "This file is @generated automatically"
    ],
    "content-hash": "5539e3c9d5dbbc2946d75ac93d006d3e",
    "packages": [
        {
            "name": "ralouphie/getallheaders",
            "version": "2.0.5",
            "source": {
                "type": "git",
                "url": "https://github.com/ralouphie/getallheaders.git",
                "reference": "5601c8a83fbba7ef674a7369456d12f1e0d0eafa"
            },
            "dist": {
                "type": "zip",
                "url": "https://files.phpcomposer.com/files/ralouphie/getallheaders/5601c8a83fbba7ef674a7369456d12f1e0d0eafa.zip",
                "reference": "5601c8a83fbba7ef674a7369456d12f1e0d0eafa",
                "shasum": ""
            },
            "require": {
                "php": ">=5.3"
            },
            "require-dev": {
                "phpunit/phpunit": "~3.7.0",
                "satooshi/php-coveralls": ">=1.0"
            },
            "type": "library",
            "autoload": {
                "files": [
                    "src/getallheaders.php"
                ]
            },
            "notification-url": "https://packagist.org/downloads/",
            "license": [
                "MIT"
            ],
            "authors": [
                {
                    "name": "Ralph Khattar",
                    "email": "ralph.khattar@gmail.com"
                }
            ],
            "description": "A polyfill for getallheaders.",
            "time": "2016-02-11T07:05:27+00:00"
        },
        {
            "name": "sinri/enoch",
            "version": "2.1.15",
            "source": {
                "type": "git",
                "url": "https://github.com/sinri/enoch.git",
                "reference": "a09760a5d9be9a03c709ca31dd12f2394c25c7e1"
            },
            "dist": {
                "type": "zip",
                "url": "https://files.phpcomposer.com/files/sinri/enoch/a09760a5d9be9a03c709ca31dd12f2394c25c7e1.zip",
                "reference": "a09760a5d9be9a03c709ca31dd12f2394c25c7e1",
                "shasum": ""
            },
            "require": {
                "php": ">=5.4.0",
                "ralouphie/getallheaders": "^2.0",
                "sinri/smallphpmailer": "^1.0.1"
            },
            "require-dev": {
                "cebe/markdown": "^1.1",
                "predis/predis": "^1.1"
            },
            "type": "library",
            "autoload": {
                "files": [
                    "autoload.php"
                ]
            },
            "notification-url": "https://packagist.org/downloads/",
            "license": [
                "MIT"
            ],
            "authors": [
                {
                    "name": "Sinri Edogawa",
                    "email": "e.joshua.s.e@gmail.com",
                    "homepage": "https://github.com/sinri/enoch",
                    "role": "Developer"
                }
            ],
            "description": "PHP Framework for integrating",
            "homepage": "https://github.com/sinri/enoch",
            "keywords": [
                "php-framework"
            ],
            "time": "2017-09-15T06:06:48+00:00"
        },
        {
            "name": "sinri/sinridingtalkhelper",
            "version": "0.1",
            "source": {
                "type": "git",
                "url": "https://github.com/sinri/SinriDingtalkHelper.git",
                "reference": "ab0b3114e4716053e315eb96685f8d0590b8a365"
            },
            "dist": {
                "type": "zip",
                "url": "https://files.phpcomposer.com/files/sinri/SinriDingtalkHelper/ab0b3114e4716053e315eb96685f8d0590b8a365.zip",
                "reference": "ab0b3114e4716053e315eb96685f8d0590b8a365",
                "shasum": ""
            },
            "type": "library",
            "autoload": {
                "files": [
                    "autoload.php"
                ]
            },
            "notification-url": "https://packagist.org/downloads/",
            "license": [
                "LGPLv3"
            ],
            "authors": [
                {
                    "name": "Sinri Edogawa",
                    "email": "e.joshua.s.e@gmail.com"
                }
            ],
            "description": "Dingtalk PHP light SDK",
            "time": "2017-09-30T07:07:57+00:00"
        },
        {
            "name": "sinri/smallphpmailer",
            "version": "1.0.2",
            "source": {
                "type": "git",
                "url": "https://github.com/sinri/PHPMailer.git",
                "reference": "028e146ab6b51bb121b3b6834ea002bd04bb38cb"
            },
            "dist": {
                "type": "zip",
                "url": "https://files.phpcomposer.com/files/sinri/PHPMailer/028e146ab6b51bb121b3b6834ea002bd04bb38cb.zip",
                "reference": "028e146ab6b51bb121b3b6834ea002bd04bb38cb",
                "shasum": ""
            },
            "require": {
                "ext-ctype": "*",
                "php": ">=5.3.0"
            },
            "type": "library",
            "autoload": {
                "files": [
                    "PHPMailerAutoload.php"
                ]
            },
            "notification-url": "https://packagist.org/downloads/",
            "license": [
                "LGPL-2.1"
            ],
            "authors": [
                {
                    "name": "Jim Jagielski",
                    "email": "jimjag@gmail.com"
                },
                {
                    "name": "Marcus Bointon",
                    "email": "phpmailer@synchromedia.co.uk"
                },
                {
                    "name": "Andy Prevost",
                    "email": "codeworxtech@users.sourceforge.net"
                },
                {
                    "name": "Brent R. Matzelle"
                },
                {
                    "name": "Sinri Edogawa",
                    "email": "e.joshua.s.e@gmail.com"
                }
            ],
            "description": "PHPMailer is a full-featured email creation and transfer class for PHP. This is a thinned version.",
            "time": "2017-07-18T09:33:07+00:00"
        }
    ],
    "packages-dev": [],
    "aliases": [],
    "minimum-stability": "stable",
    "stability-flags": [],
    "prefer-stable": false,
    "prefer-lowest": false,
    "platform": [],
    "platform-dev": []
}
