{
  "name": "camera",
  "version": "0.0.1",
  "lockfileVersion": 1,
  "requires": true,
  "dependencies": {
    "async-limiter": {
      "version": "https://registry.npmjs.org/async-limiter/-/async-limiter-1.0.0.tgz",
      "integrity": "sha1-ePrtjD0HSrgfIrTphdeehzj3IPg="
    },
    "chrome-remote-interface": {
      "version": "https://registry.npmjs.org/chrome-remote-interface/-/chrome-remote-interface-0.25.3.tgz",
      "integrity": "sha1-tpKuU4zVrzpt0oVja/qz0ppwBsE=",
      "requires": {
        "commander": "https://registry.npmjs.org/commander/-/commander-2.11.0.tgz",
        "ws": "https://registry.npmjs.org/ws/-/ws-3.3.1.tgz"
      },
      "dependencies": {
        "ws": {
          "version": "https://registry.npmjs.org/ws/-/ws-3.3.1.tgz",
          "integrity": "sha1-2X403uBqEZDGGsHpX0PLYLeM+Tk=",
          "requires": {
            "async-limiter": "https://registry.npmjs.org/async-limiter/-/async-limiter-1.0.0.tgz",
            "safe-buffer": "https://registry.npmjs.org/safe-buffer/-/safe-buffer-5.1.1.tgz",
            "ultron": "https://registry.npmjs.org/ultron/-/ultron-1.1.0.tgz"
          }
        }
      }
    },
    "commander": {
      "version": "https://registry.npmjs.org/commander/-/commander-2.11.0.tgz",
      "integrity": "sha1-FXFS/R56bI2YpbcVzzdt+SgARWM="
    },
    "cron-parser": {
      "version": "https://registry.npmjs.org/cron-parser/-/cron-parser-2.4.3.tgz",
      "integrity": "sha1-yuhEwgEX/HLGePY6yDx4hL4Znng=",
      "requires": {
        "is-nan": "https://registry.npmjs.org/is-nan/-/is-nan-1.2.1.tgz",
        "moment-timezone": "https://registry.npmjs.org/moment-timezone/-/moment-timezone-0.5.14.tgz"
      }
    },
    "define-properties": {
      "version": "https://registry.npmjs.org/define-properties/-/define-properties-1.1.2.tgz",
      "integrity": "sha1-g6c/L+pWmJj7c3GTyPhzyvbUXJQ=",
      "requires": {
        "foreach": "https://registry.npmjs.org/foreach/-/foreach-2.0.5.tgz",
        "object-keys": "https://registry.npmjs.org/object-keys/-/object-keys-1.0.11.tgz"
      }
    },
    "foreach": {
      "version": "https://registry.npmjs.org/foreach/-/foreach-2.0.5.tgz",
      "integrity": "sha1-C+4AUBiusmDQo6865ljdATbsG5k="
    },
    "is-nan": {
      "version": "https://registry.npmjs.org/is-nan/-/is-nan-1.2.1.tgz",
      "integrity": "sha1-n69ltvttskt/XAYoR16nH5iEAeI=",
      "requires": {
        "define-properties": "https://registry.npmjs.org/define-properties/-/define-properties-1.1.2.tgz"
      }
    },
    "long-timeout": {
      "version": "https://registry.npmjs.org/long-timeout/-/long-timeout-0.1.1.tgz",
      "integrity": "sha1-lyHXiLR+C8taJMLivuGg2lXatRQ="
    },
    "minimist": {
      "version": "https://registry.npm.taobao.org/minimist/download/minimist-1.2.0.tgz",
      "integrity": "sha1-o1AIsg9BOD7sH7kU9M1d95omQoQ="
    },
    "moment": {
      "version": "https://registry.npmjs.org/moment/-/moment-2.19.2.tgz",
      "integrity": "sha1-in93TJWmRVC0x+vUlmg5CPlBnb4="
    },
    "moment-timezone": {
      "version": "https://registry.npmjs.org/moment-timezone/-/moment-timezone-0.5.14.tgz",
      "integrity": "sha1-TrOP+VOLgBCLpGekWPPtQmjM/LE=",
      "requires": {
        "moment": "https://registry.npmjs.org/moment/-/moment-2.19.2.tgz"
      }
    },
    "node-schedule": {
      "version": "https://registry.npmjs.org/node-schedule/-/node-schedule-1.2.5.tgz",
      "integrity": "sha1-+zD05NHdHoHFNvlJXV2g6eLX3hQ=",
      "requires": {
        "cron-parser": "https://registry.npmjs.org/cron-parser/-/cron-parser-2.4.3.tgz",
        "long-timeout": "https://registry.npmjs.org/long-timeout/-/long-timeout-0.1.1.tgz",
        "sorted-array-functions": "https://registry.npmjs.org/sorted-array-functions/-/sorted-array-functions-1.0.0.tgz"
      }
    },
    "object-keys": {
      "version": "https://registry.npmjs.org/object-keys/-/object-keys-1.0.11.tgz",
      "integrity": "sha1-xUYBd4rVYPEULODgG8yotW0TQm0="
    },
    "safe-buffer": {
      "version": "https://registry.npmjs.org/safe-buffer/-/safe-buffer-5.1.1.tgz",
      "integrity": "sha1-iTMSr2myEj3vcfV4iQAWce6yyFM="
    },
    "sorted-array-functions": {
      "version": "https://registry.npmjs.org/sorted-array-functions/-/sorted-array-functions-1.0.0.tgz",
      "integrity": "sha1-wLVU2ecJr/y+VtNMGyUUGX/Tgnk="
    },
    "ultron": {
      "version": "https://registry.npmjs.org/ultron/-/ultron-1.1.0.tgz",
      "integrity": "sha1-sHoualQagV/Go0zNRTO67DB8qGQ="
    }
  }
}
